
Microsoft Visual Studio Solution File, Format Version 12.00
# Visual Studio Version 16
VisualStudioVersion = 16.0.30002.166
MinimumVisualStudioVersion = 10.0.40219.1
Project("{9A19103F-16F7-4668-BE54-9A1E7A4F7556}") = "b2c-ms-graph", "b2c-ms-graph.csproj", "{D9F59345-F8FF-4486-91FC-063313CE104B}"
EndProject
Global
	GlobalSection(SolutionConfigurationPlatforms) = preSolution
		Debug|Any CPU = Debug|Any CPU
		Release|Any CPU = Release|Any CPU
	EndGlobalSection
	GlobalSection(ProjectConfigurationPlatforms) = postSolution
		{D9F59345-F8FF-4486-91FC-063313CE104B}.Debug|Any CPU.ActiveCfg = Debug|Any CPU
		{D9F59345-F8FF-4486-91FC-063313CE104B}.Debug|Any CPU.Build.0 = Debug|Any CPU
		{D9F59345-F8FF-4486-91FC-063313CE104B}.Release|Any CPU.ActiveCfg = Release|Any CPU
		{D9F59345-F8FF-4486-91FC-063313CE104B}.Release|Any CPU.Build.0 = Release|Any CPU
	EndGlobalSection
	GlobalSection(SolutionProperties) = preSolution
		HideSolutionNode = FALSE
	EndGlobalSection
	GlobalSection(ExtensibilityGlobals) = postSolution
		SolutionGuid = {58EF760B-677E-4F11-B3CF-AD8942E41634}
	EndGlobalSection
EndGlobal
